
Microsoft Visual Studio Solution File, Format Version 12.00
# Visual Studio Version 17
VisualStudioVersion = 17.0.32112.339
MinimumVisualStudioVersion = 10.0.40219.1
Project("{FAE04EC0-301F-11D3-BF4B-00C04F79EFBC}") = "Homework_01", "Homework_01\Homework_01.csproj", "{4C38D1DB-87FE-4391-96A3-16A28ED823B4}"
EndProject
Global
	GlobalSection(SolutionConfigurationPlatforms) = preSolution
		Debug|Any CPU = Debug|Any CPU
		Release|Any CPU = Release|Any CPU
	EndGlobalSection
	GlobalSection(ProjectConfigurationPlatforms) = postSolution
		{4C38D1DB-87FE-4391-96A3-16A28ED823B4}.Debug|Any CPU.ActiveCfg = Debug|Any CPU
		{4C38D1DB-87FE-4391-96A3-16A28ED823B4}.Debug|Any CPU.Build.0 = Debug|Any CPU
		{4C38D1DB-87FE-4391-96A3-16A28ED823B4}.Release|Any CPU.ActiveCfg = Release|Any CPU
		{4C38D1DB-87FE-4391-96A3-16A28ED823B4}.Release|Any CPU.Build.0 = Release|Any CPU
	EndGlobalSection
	GlobalSection(SolutionProperties) = preSolution
		HideSolutionNode = FALSE
	EndGlobalSection
	GlobalSection(ExtensibilityGlobals) = postSolution
		SolutionGuid = {035F258C-22F4-4183-8E99-327F7471FC37}
	EndGlobalSection
EndGlobal
